# THIS IS AN AUTOGENERATED FILE. DO NOT EDIT THIS FILE DIRECTLY.
# yarn lockfile v1


retypeapp-win-x64@^3.5.0:
  version "3.5.0"
  resolved "https://registry.npmjs.org/retypeapp-win-x64/-/retypeapp-win-x64-3.5.0.tgz"
  integrity sha512-II9fqg6gBBiCdlJ2n5EB89dNusgko9D2qKXaqCgCPuNOS7c7rMgL5bORt3r8mVWbL25gC1U+40KNuchYuzUpvQ==

retypeapp@^3.5.0:
  version "3.5.0"
  resolved "https://registry.yarnpkg.com/retypeapp/-/retypeapp-3.5.0.tgz#c4e3f93e9ed41f9078a1b996b286ce11a0a587e1"
  integrity sha512-YhHilXfKLXU2BCZ0lfj4tUVMrk8nUjkSCAoV52xIPfRfSKQQah9D5vn2Eiu+FUmeGGEB9gykr8UVi7CvjmiqbQ==
